
Microsoft Visual Studio Solution File, Format Version 12.00
# Visual Studio Version 16
VisualStudioVersion = 16.0.31019.35
MinimumVisualStudioVersion = 10.0.40219.1
Project("{FAE04EC0-301F-11D3-BF4B-00C04F79EFBC}") = "Prova 2", "Prova 2\Prova 2.csproj", "{0D3F1FD2-D55E-48A9-8A86-6FDD1544D3B2}"
EndProject
Global
	GlobalSection(SolutionConfigurationPlatforms) = preSolution
		Debug|Any CPU = Debug|Any CPU
		Release|Any CPU = Release|Any CPU
	EndGlobalSection
	GlobalSection(ProjectConfigurationPlatforms) = postSolution
		{0D3F1FD2-D55E-48A9-8A86-6FDD1544D3B2}.Debug|Any CPU.ActiveCfg = Debug|Any CPU
		{0D3F1FD2-D55E-48A9-8A86-6FDD1544D3B2}.Debug|Any CPU.Build.0 = Debug|Any CPU
		{0D3F1FD2-D55E-48A9-8A86-6FDD1544D3B2}.Release|Any CPU.ActiveCfg = Release|Any CPU
		{0D3F1FD2-D55E-48A9-8A86-6FDD1544D3B2}.Release|Any CPU.Build.0 = Release|Any CPU
	EndGlobalSection
	GlobalSection(SolutionProperties) = preSolution
		HideSolutionNode = FALSE
	EndGlobalSection
	GlobalSection(ExtensibilityGlobals) = postSolution
		SolutionGuid = {930528D3-C0E6-4F8C-B386-00EE2A5F6035}
	EndGlobalSection
EndGlobal
